
Microsoft Visual Studio Solution File, Format Version 12.00
# Visual Studio 15
VisualStudioVersion = 15.0.28307.421
MinimumVisualStudioVersion = 10.0.40219.1
Project("{FAE04EC0-301F-11D3-BF4B-00C04F79EFBC}") = "App1.Android", "App1\App1.Android\App1.Android.csproj", "{731A3C37-03BF-4CE4-BF5C-4FA6EDB9F813}"
EndProject
Project("{FAE04EC0-301F-11D3-BF4B-00C04F79EFBC}") = "App1.iOS", "App1\App1.iOS\App1.iOS.csproj", "{1DEAA829-3093-49B4-9F6C-A0671D835F98}"
EndProject
Project("{FAE04EC0-301F-11D3-BF4B-00C04F79EFBC}") = "App1", "App1\App1\App1.csproj", "{C3B65433-5CB4-44B2-8871-D0DC821AE0A1}"
EndProject
Global
	GlobalSection(SolutionConfigurationPlatforms) = preSolution
		Ad-Hoc|Any CPU = Ad-Hoc|Any CPU
		Ad-Hoc|iPhone = Ad-Hoc|iPhone
		Ad-Hoc|iPhoneSimulator = Ad-Hoc|iPhoneSimulator
		AppStore|Any CPU = AppStore|Any CPU
		AppStore|iPhone = AppStore|iPhone
		AppStore|iPhoneSimulator = AppStore|iPhoneSimulator
		Debug|Any CPU = Debug|Any CPU
		Debug|iPhone = Debug|iPhone
		Debug|iPhoneSimulator = Debug|iPhoneSimulator
		Release|Any CPU = Release|Any CPU
		Release|iPhone = Release|iPhone
		Release|iPhoneSimulator = Release|iPhoneSimulator
	EndGlobalSection
	GlobalSection(ProjectConfigurationPlatforms) = postSolution
		{731A3C37-03BF-4CE4-BF5C-4FA6EDB9F813}.Ad-Hoc|Any CPU.ActiveCfg = Release|Any CPU
		{731A3C37-03BF-4CE4-BF5C-4FA6EDB9F813}.Ad-Hoc|Any CPU.Build.0 = Release|Any CPU
		{731A3C37-03BF-4CE4-BF5C-4FA6EDB9F813}.Ad-Hoc|Any CPU.Deploy.0 = Release|Any CPU
		{731A3C37-03BF-4CE4-BF5C-4FA6EDB9F813}.Ad-Hoc|iPhone.ActiveCfg = Release|Any CPU
		{731A3C37-03BF-4CE4-BF5C-4FA6EDB9F813}.Ad-Hoc|iPhone.Build.0 = Release|Any CPU
		{731A3C37-03BF-4CE4-BF5C-4FA6EDB9F813}.Ad-Hoc|iPhone.Deploy.0 = Release|Any CPU
		{731A3C37-03BF-4CE4-BF5C-4FA6EDB9F813}.Ad-Hoc|iPhoneSimulator.ActiveCfg = Release|Any CPU
		{731A3C37-03BF-4CE4-BF5C-4FA6EDB9F813}.Ad-Hoc|iPhoneSimulator.Build.0 = Release|Any CPU
		{731A3C37-03BF-4CE4-BF5C-4FA6EDB9F813}.Ad-Hoc|iPhoneSimulator.Deploy.0 = Release|Any CPU
		{731A3C37-03BF-4CE4-BF5C-4FA6EDB9F813}.AppStore|Any CPU.ActiveCfg = Release|Any CPU
		{731A3C37-03BF-4CE4-BF5C-4FA6EDB9F813}.AppStore|Any CPU.Build.0 = Release|Any CPU
		{731A3C37-03BF-4CE4-BF5C-4FA6EDB9F813}.AppStore|Any CPU.Deploy.0 = Release|Any CPU
		{731A3C37-03BF-4CE4-BF5C-4FA6EDB9F813}.AppStore|iPhone.ActiveCfg = Release|Any CPU
		{731A3C37-03BF-4CE4-BF5C-4FA6EDB9F813}.AppStore|iPhone.Build.0 = Release|Any CPU
		{731A3C37-03BF-4CE4-BF5C-4FA6EDB9F813}.AppStore|iPhone.Deploy.0 = Release|Any CPU
		{731A3C37-03BF-4CE4-BF5C-4FA6EDB9F813}.AppStore|iPhoneSimulator.ActiveCfg = Release|Any CPU
		{731A3C37-03BF-4CE4-BF5C-4FA6EDB9F813}.AppStore|iPhoneSimulator.Build.0 = Release|Any CPU
		{731A3C37-03BF-4CE4-BF5C-4FA6EDB9F813}.AppStore|iPhoneSimulator.Deploy.0 = Release|Any CPU
		{731A3C37-03BF-4CE4-BF5C-4FA6EDB9F813}.Debug|Any CPU.ActiveCfg = Debug|Any CPU
		{731A3C37-03BF-4CE4-BF5C-4FA6EDB9F813}.Debug|Any CPU.Build.0 = Debug|Any CPU
		{731A3C37-03BF-4CE4-BF5C-4FA6EDB9F813}.Debug|Any CPU.Deploy.0 = Debug|Any CPU
		{731A3C37-03BF-4CE4-BF5C-4FA6EDB9F813}.Debug|iPhone.ActiveCfg = Debug|Any CPU
		{731A3C37-03BF-4CE4-BF5C-4FA6EDB9F813}.Debug|iPhone.Build.0 = Debug|Any CPU
		{731A3C37-03BF-4CE4-BF5C-4FA6EDB9F813}.Debug|iPhone.Deploy.0 = Debug|Any CPU
		{731A3C37-03BF-4CE4-BF5C-4FA6EDB9F813}.Debug|iPhoneSimulator.ActiveCfg = Debug|Any CPU
		{731A3C37-03BF-4CE4-BF5C-4FA6EDB9F813}.Debug|iPhoneSimulator.Build.0 = Debug|Any CPU
		{731A3C37-03BF-4CE4-BF5C-4FA6EDB9F813}.Debug|iPhoneSimulator.Deploy.0 = Debug|Any CPU
		{731A3C37-03BF-4CE4-BF5C-4FA6EDB9F813}.Release|Any CPU.ActiveCfg = Release|Any CPU
		{731A3C37-03BF-4CE4-BF5C-4FA6EDB9F813}.Release|Any CPU.Build.0 = Release|Any CPU
		{731A3C37-03BF-4CE4-BF5C-4FA6EDB9F813}.Release|Any CPU.Deploy.0 = Release|Any CPU
		{731A3C37-03BF-4CE4-BF5C-4FA6EDB9F813}.Release|iPhone.ActiveCfg = Release|Any CPU
		{731A3C37-03BF-4CE4-BF5C-4FA6EDB9F813}.Release|iPhone.Build.0 = Release|Any CPU
		{731A3C37-03BF-4CE4-BF5C-4FA6EDB9F813}.Release|iPhone.Deploy.0 = Release|Any CPU
		{731A3C37-03BF-4CE4-BF5C-4FA6EDB9F813}.Release|iPhoneSimulator.ActiveCfg = Release|Any CPU
		{731A3C37-03BF-4CE4-BF5C-4FA6EDB9F813}.Release|iPhoneSimulator.Build.0 = Release|Any CPU
		{731A3C37-03BF-4CE4-BF5C-4FA6EDB9F813}.Release|iPhoneSimulator.Deploy.0 = Release|Any CPU
		{1DEAA829-3093-49B4-9F6C-A0671D835F98}.Ad-Hoc|Any CPU.ActiveCfg = Ad-Hoc|iPhone
		{1DEAA829-3093-49B4-9F6C-A0671D835F98}.Ad-Hoc|Any CPU.Build.0 = Ad-Hoc|iPhone
		{1DEAA829-3093-49B4-9F6C-A0671D835F98}.Ad-Hoc|Any CPU.Deploy.0 = Ad-Hoc|iPhone
		{1DEAA829-3093-49B4-9F6C-A0671D835F98}.Ad-Hoc|iPhone.ActiveCfg = Ad-Hoc|iPhone
		{1DEAA829-3093-49B4-9F6C-A0671D835F98}.Ad-Hoc|iPhone.Build.0 = Ad-Hoc|iPhone
		{1DEAA829-3093-49B4-9F6C-A0671D835F98}.Ad-Hoc|iPhone.Deploy.0 = Ad-Hoc|iPhone
		{1DEAA829-3093-49B4-9F6C-A0671D835F98}.Ad-Hoc|iPhoneSimulator.ActiveCfg = Ad-Hoc|iPhoneSimulator
		{1DEAA829-3093-49B4-9F6C-A0671D835F98}.Ad-Hoc|iPhoneSimulator.Build.0 = Ad-Hoc|iPhoneSimulator
		{1DEAA829-3093-49B4-9F6C-A0671D835F98}.Ad-Hoc|iPhoneSimulator.Deploy.0 = Ad-Hoc|iPhoneSimulator
		{1DEAA829-3093-49B4-9F6C-A0671D835F98}.AppStore|Any CPU.ActiveCfg = AppStore|iPhone
		{1DEAA829-3093-49B4-9F6C-A0671D835F98}.AppStore|Any CPU.Build.0 = AppStore|iPhone
		{1DEAA829-3093-49B4-9F6C-A0671D835F98}.AppStore|Any CPU.Deploy.0 = AppStore|iPhone
		{1DEAA829-3093-49B4-9F6C-A0671D835F98}.AppStore|iPhone.ActiveCfg = AppStore|iPhone
		{1DEAA829-3093-49B4-9F6C-A0671D835F98}.AppStore|iPhone.Build.0 = AppStore|iPhone
		{1DEAA829-3093-49B4-9F6C-A0671D835F98}.AppStore|iPhone.Deploy.0 = AppStore|iPhone
		{1DEAA829-3093-49B4-9F6C-A0671D835F98}.AppStore|iPhoneSimulator.ActiveCfg = AppStore|iPhoneSimulator
		{1DEAA829-3093-49B4-9F6C-A0671D835F98}.AppStore|iPhoneSimulator.Build.0 = AppStore|iPhoneSimulator
		{1DEAA829-3093-49B4-9F6C-A0671D835F98}.AppStore|iPhoneSimulator.Deploy.0 = AppStore|iPhoneSimulator
		{1DEAA829-3093-49B4-9F6C-A0671D835F98}.Debug|Any CPU.ActiveCfg = Debug|iPhoneSimulator
		{1DEAA829-3093-49B4-9F6C-A0671D835F98}.Debug|Any CPU.Build.0 = Debug|iPhoneSimulator
		{1DEAA829-3093-49B4-9F6C-A0671D835F98}.Debug|Any CPU.Deploy.0 = Debug|iPhoneSimulator
		{1DEAA829-3093-49B4-9F6C-A0671D835F98}.Debug|iPhone.ActiveCfg = Debug|iPhone
		{1DEAA829-3093-49B4-9F6C-A0671D835F98}.Debug|iPhone.Build.0 = Debug|iPhone
		{1DEAA829-3093-49B4-9F6C-A0671D835F98}.Debug|iPhone.Deploy.0 = Debug|iPhone
		{1DEAA829-3093-49B4-9F6C-A0671D835F98}.Debug|iPhoneSimulator.ActiveCfg = Debug|iPhoneSimulator
		{1DEAA829-3093-49B4-9F6C-A0671D835F98}.Debug|iPhoneSimulator.Build.0 = Debug|iPhoneSimulator
		{1DEAA829-3093-49B4-9F6C-A0671D835F98}.Debug|iPhoneSimulator.Deploy.0 = Debug|iPhoneSimulator
		{1DEAA829-3093-49B4-9F6C-A0671D835F98}.Release|Any CPU.ActiveCfg = Release|iPhone
		{1DEAA829-3093-49B4-9F6C-A0671D835F98}.Release|Any CPU.Build.0 = Release|iPhone
		{1DEAA829-3093-49B4-9F6C-A0671D835F98}.Release|Any CPU.Deploy.0 = Release|iPhone
		{1DEAA829-3093-49B4-9F6C-A0671D835F98}.Release|iPhone.ActiveCfg = Release|iPhone
		{1DEAA829-3093-49B4-9F6C-A0671D835F98}.Release|iPhone.Build.0 = Release|iPhone
		{1DEAA829-3093-49B4-9F6C-A0671D835F98}.Release|iPhone.Deploy.0 = Release|iPhone
		{1DEAA829-3093-49B4-9F6C-A0671D835F98}.Release|iPhoneSimulator.ActiveCfg = Release|iPhoneSimulator
		{1DEAA829-3093-49B4-9F6C-A0671D835F98}.Release|iPhoneSimulator.Build.0 = Release|iPhoneSimulator
		{1DEAA829-3093-49B4-9F6C-A0671D835F98}.Release|iPhoneSimulator.Deploy.0 = Release|iPhoneSimulator
		{C3B65433-5CB4-44B2-8871-D0DC821AE0A1}.Ad-Hoc|Any CPU.ActiveCfg = Debug|Any CPU
		{C3B65433-5CB4-44B2-8871-D0DC821AE0A1}.Ad-Hoc|Any CPU.Build.0 = Debug|Any CPU
		{C3B65433-5CB4-44B2-8871-D0DC821AE0A1}.Ad-Hoc|Any CPU.Deploy.0 = Debug|Any CPU
		{C3B65433-5CB4-44B2-8871-D0DC821AE0A1}.Ad-Hoc|iPhone.ActiveCfg = Debug|Any CPU
		{C3B65433-5CB4-44B2-8871-D0DC821AE0A1}.Ad-Hoc|iPhone.Build.0 = Debug|Any CPU
		{C3B65433-5CB4-44B2-8871-D0DC821AE0A1}.Ad-Hoc|iPhone.Deploy.0 = Debug|Any CPU
		{C3B65433-5CB4-44B2-8871-D0DC821AE0A1}.Ad-Hoc|iPhoneSimulator.ActiveCfg = Debug|Any CPU
		{C3B65433-5CB4-44B2-8871-D0DC821AE0A1}.Ad-Hoc|iPhoneSimulator.Build.0 = Debug|Any CPU
		{C3B65433-5CB4-44B2-8871-D0DC821AE0A1}.Ad-Hoc|iPhoneSimulator.Deploy.0 = Debug|Any CPU
		{C3B65433-5CB4-44B2-8871-D0DC821AE0A1}.AppStore|Any CPU.ActiveCfg = Debug|Any CPU
		{C3B65433-5CB4-44B2-8871-D0DC821AE0A1}.AppStore|Any CPU.Build.0 = Debug|Any CPU
		{C3B65433-5CB4-44B2-8871-D0DC821AE0A1}.AppStore|Any CPU.Deploy.0 = Debug|Any CPU
		{C3B65433-5CB4-44B2-8871-D0DC821AE0A1}.AppStore|iPhone.ActiveCfg = Debug|Any CPU
		{C3B65433-5CB4-44B2-8871-D0DC821AE0A1}.AppStore|iPhone.Build.0 = Debug|Any CPU
		{C3B65433-5CB4-44B2-8871-D0DC821AE0A1}.AppStore|iPhone.Deploy.0 = Debug|Any CPU
		{C3B65433-5CB4-44B2-8871-D0DC821AE0A1}.AppStore|iPhoneSimulator.ActiveCfg = Debug|Any CPU
		{C3B65433-5CB4-44B2-8871-D0DC821AE0A1}.AppStore|iPhoneSimulator.Build.0 = Debug|Any CPU
		{C3B65433-5CB4-44B2-8871-D0DC821AE0A1}.AppStore|iPhoneSimulator.Deploy.0 = Debug|Any CPU
		{C3B65433-5CB4-44B2-8871-D0DC821AE0A1}.Debug|Any CPU.ActiveCfg = Debug|Any CPU
		{C3B65433-5CB4-44B2-8871-D0DC821AE0A1}.Debug|Any CPU.Build.0 = Debug|Any CPU
		{C3B65433-5CB4-44B2-8871-D0DC821AE0A1}.Debug|Any CPU.Deploy.0 = Debug|Any CPU
		{C3B65433-5CB4-44B2-8871-D0DC821AE0A1}.Debug|iPhone.ActiveCfg = Debug|Any CPU
		{C3B65433-5CB4-44B2-8871-D0DC821AE0A1}.Debug|iPhone.Build.0 = Debug|Any CPU
		{C3B65433-5CB4-44B2-8871-D0DC821AE0A1}.Debug|iPhone.Deploy.0 = Debug|Any CPU
		{C3B65433-5CB4-44B2-8871-D0DC821AE0A1}.Debug|iPhoneSimulator.ActiveCfg = Debug|Any CPU
		{C3B65433-5CB4-44B2-8871-D0DC821AE0A1}.Debug|iPhoneSimulator.Build.0 = Debug|Any CPU
		{C3B65433-5CB4-44B2-8871-D0DC821AE0A1}.Debug|iPhoneSimulator.Deploy.0 = Debug|Any CPU
		{C3B65433-5CB4-44B2-8871-D0DC821AE0A1}.Release|Any CPU.ActiveCfg = Release|Any CPU
		{C3B65433-5CB4-44B2-8871-D0DC821AE0A1}.Release|Any CPU.Build.0 = Release|Any CPU
		{C3B65433-5CB4-44B2-8871-D0DC821AE0A1}.Release|Any CPU.Deploy.0 = Release|Any CPU
		{C3B65433-5CB4-44B2-8871-D0DC821AE0A1}.Release|iPhone.ActiveCfg = Release|Any CPU
		{C3B65433-5CB4-44B2-8871-D0DC821AE0A1}.Release|iPhone.Build.0 = Release|Any CPU
		{C3B65433-5CB4-44B2-8871-D0DC821AE0A1}.Release|iPhone.Deploy.0 = Release|Any CPU
		{C3B65433-5CB4-44B2-8871-D0DC821AE0A1}.Release|iPhoneSimulator.ActiveCfg = Release|Any CPU
		{C3B65433-5CB4-44B2-8871-D0DC821AE0A1}.Release|iPhoneSimulator.Build.0 = Release|Any CPU
		{C3B65433-5CB4-44B2-8871-D0DC821AE0A1}.Release|iPhoneSimulator.Deploy.0 = Release|Any CPU
	EndGlobalSection
	GlobalSection(SolutionProperties) = preSolution
		HideSolutionNode = FALSE
	EndGlobalSection
	GlobalSection(ExtensibilityGlobals) = postSolution
		SolutionGuid = {C6924044-4DD1-4062-BF98-B3E8FA779ED7}
	EndGlobalSection
EndGlobal
